
Microsoft Visual Studio Solution File, Format Version 12.00
# Visual Studio 15
VisualStudioVersion = 15.0.28307.645
MinimumVisualStudioVersion = 10.0.40219.1
Project("{F184B08F-C81C-45F6-A57F-5ABD9991F28F}") = "keylogger", "keylogger\keylogger.vbproj", "{046E1F96-06DC-4126-B46F-16FCF1CE357D}"
EndProject
Global
	GlobalSection(SolutionConfigurationPlatforms) = preSolution
		Debug|Any CPU = Debug|Any CPU
		Release|Any CPU = Release|Any CPU
	EndGlobalSection
	GlobalSection(ProjectConfigurationPlatforms) = postSolution
		{046E1F96-06DC-4126-B46F-16FCF1CE357D}.Debug|Any CPU.ActiveCfg = Debug|Any CPU
		{046E1F96-06DC-4126-B46F-16FCF1CE357D}.Debug|Any CPU.Build.0 = Debug|Any CPU
		{046E1F96-06DC-4126-B46F-16FCF1CE357D}.Release|Any CPU.ActiveCfg = Release|Any CPU
		{046E1F96-06DC-4126-B46F-16FCF1CE357D}.Release|Any CPU.Build.0 = Release|Any CPU
	EndGlobalSection
	GlobalSection(SolutionProperties) = preSolution
		HideSolutionNode = FALSE
	EndGlobalSection
	GlobalSection(ExtensibilityGlobals) = postSolution
		SolutionGuid = {0BAF6B0A-62A7-45C6-9781-5C0CE8EF1C82}
	EndGlobalSection
EndGlobal
